{
    "_readme": [
        "This file locks the dependencies of your project to a known state",
        "Read more about it at https://getcomposer.org/doc/01-basic-usage.md#composer-lock-the-lock-file",
        "This file is @generated automatically"
    ],
    "content-hash": "485b0069b8810ee7e52d192c8af4ed51",
    "packages": [
        {
            "name": "chriskonnertz/deeply",
            "version": "v1.4.4",
            "source": {
                "type": "git",
                "url": "https://github.com/chriskonnertz/DeepLy.git",
                "reference": "a97cc473de41cf157edfc9c479f095014c9bb1a8"
            },
            "dist": {
                "type": "zip",
                "url": "https://api.github.com/repos/chriskonnertz/DeepLy/zipball/a97cc473de41cf157edfc9c479f095014c9bb1a8",
                "reference": "a97cc473de41cf157edfc9c479f095014c9bb1a8",
                "shasum": ""
            },
            "require": {
                "php": ">=5.6.0"
            },
            "require-dev": {
                "guzzlehttp/guzzle": "^6.2@dev",
                "phpunit/phpunit": "5.7"
            },
            "suggest": {
                "guzzlehttp/guzzle": "You might want to install Guzzle if you want to use it as the HTTP client for DeepLy"
            },
            "type": "library",
            "extra": {
                "laravel": {
                    "providers": [
                        "ChrisKonnertz\\DeepLy\\Integrations\\Laravel\\DeepLyServiceProvider"
                    ],
                    "aliases": {
                        "DeepLy": "ChrisKonnertz\\DeepLy\\Integrations\\Laravel\\DeepLyFacade"
                    }
                }
            },
            "autoload": {
                "psr-0": {
                    "ChrisKonnertz\\DeepLy": "src/"
                }
            },
            "notification-url": "https://packagist.org/downloads/",
            "license": [
                "MIT"
            ],
            "authors": [
                {
                    "name": "Chris Konnertz"
                }
            ],
            "description": "DeepLy is a PHP client for the DeepL.com translation API",
            "keywords": [
                "api",
                "client",
                "deepl",
                "deeply",
                "english",
                "french",
                "german",
                "language",
                "translate",
                "translation"
            ],
            "time": "2017-10-25T16:16:11+00:00"
        }
    ],
    "packages-dev": [],
    "aliases": [],
    "minimum-stability": "stable",
    "stability-flags": [],
    "prefer-stable": false,
    "prefer-lowest": false,
    "platform": [],
    "platform-dev": []
}
